
Microsoft Visual Studio Solution File, Format Version 12.00
# Visual Studio Version 17
VisualStudioVersion = 17.11.35312.102
MinimumVisualStudioVersion = 10.0.40219.1
Project("{FAE04EC0-301F-11D3-BF4B-00C04F79EFBC}") = "ThriftShop", "ThriftShop.csproj", "{3E0B010D-EBF7-4932-AF8C-FE0217F5BE94}"
EndProject
Global
	GlobalSection(SolutionConfigurationPlatforms) = preSolution
		Debug|Any CPU = Debug|Any CPU
		Release|Any CPU = Release|Any CPU
	EndGlobalSection
	GlobalSection(ProjectConfigurationPlatforms) = postSolution
		{3E0B010D-EBF7-4932-AF8C-FE0217F5BE94}.Debug|Any CPU.ActiveCfg = Debug|Any CPU
		{3E0B010D-EBF7-4932-AF8C-FE0217F5BE94}.Debug|Any CPU.Build.0 = Debug|Any CPU
		{3E0B010D-EBF7-4932-AF8C-FE0217F5BE94}.Release|Any CPU.ActiveCfg = Release|Any CPU
		{3E0B010D-EBF7-4932-AF8C-FE0217F5BE94}.Release|Any CPU.Build.0 = Release|Any CPU
	EndGlobalSection
	GlobalSection(SolutionProperties) = preSolution
		HideSolutionNode = FALSE
	EndGlobalSection
	GlobalSection(ExtensibilityGlobals) = postSolution
		SolutionGuid = {B5B54C0B-D94A-4E93-8CF1-084A29EF9FD7}
	EndGlobalSection
EndGlobal
